<?xml version="1.0" encoding="utf-8"?>
<Project ToolsVersion="4.0" xmlns="http://schemas.microsoft.com/developer/msbuild/2003">
  <ItemGroup>
    <Filter Include="Исходные файлы">
      <UniqueIdentifier>{4FC737F1-C7A5-4376-A066-2A32D752A2FF}</UniqueIdentifier>
      <Extensions>cpp;c;cc;cxx;c++;cppm;ixx;def;odl;idl;hpj;bat;asm;asmx</Extensions>
    </Filter>
    <Filter Include="Файлы заголовков">
      <UniqueIdentifier>{93995380-89BD-4b04-88EB-625FBE52EBFB}</UniqueIdentifier>
      <Extensions>h;hh;hpp;hxx;h++;hm;inl;inc;ipp;xsd</Extensions>
    </Filter>
    <Filter Include="Файлы ресурсов">
      <UniqueIdentifier>{67DA6AB6-F800-4c08-8B7A-83BB121AAD01}</UniqueIdentifier>
      <Extensions>rc;ico;cur;bmp;dlg;rc2;rct;bin;rgs;gif;jpg;jpeg;jpe;resx;tiff;tif;png;wav;mfcribbon-ms</Extensions>
    </Filter>
    <Filter Include="Lab1">
      <UniqueIdentifier>{f37fb4de-69fe-4b4a-b213-dee55406511e}</UniqueIdentifier>
    </Filter>
    <Filter Include="Lab2">
      <UniqueIdentifier>{dd672895-3d3b-45a6-93af-0f63410ffe07}</UniqueIdentifier>
    </Filter>
    <Filter Include="Lab3">
      <UniqueIdentifier>{c7f41a14-71d1-46be-896d-2551816da40f}</UniqueIdentifier>
    </Filter>
    <Filter Include="Lab4">
      <UniqueIdentifier>{7470ef7f-3d11-4ebc-96b5-3201ee0fb43c}</UniqueIdentifier>
    </Filter>
    <Filter Include="Lab5">
      <UniqueIdentifier>{579eb06e-11e7-48ff-9ded-d0c254b17c6f}</UniqueIdentifier>
    </Filter>
    <Filter Include="Lab6">
      <UniqueIdentifier>{52d8fcb2-dbba-46f0-b207-01e537f21c8e}</UniqueIdentifier>
    </Filter>
    <Filter Include="Lab7">
      <UniqueIdentifier>{83ece9f9-2dbb-46af-be71-47768b6d5f68}</UniqueIdentifier>
    </Filter>
    <Filter Include="Lab8">
      <UniqueIdentifier>{c97d362f-d8ef-48ae-a52f-d21adafa40e6}</UniqueIdentifier>
    </Filter>
    <Filter Include="Lab9">
      <UniqueIdentifier>{0f2e72f0-0993-470c-ab3b-a12b12043258}</UniqueIdentifier>
    </Filter>
    <Filter Include="Lab10">
      <UniqueIdentifier>{2995917e-c837-487e-82f2-892716f51de6}</UniqueIdentifier>
    </Filter>
  </ItemGroup>
  <ItemGroup>
    <ClCompile Include="Lab1%281,2%29.cpp">
      <Filter>Lab1</Filter>
    </ClCompile>
    <ClCompile Include="lab2.cpp">
      <Filter>Lab2</Filter>
    </ClCompile>
    <ClCompile Include="lab1%283%29.cpp">
      <Filter>Lab1</Filter>
    </ClCompile>
    <ClCompile Include="labs.cpp" />
    <ClCompile Include="lab2%282%29.cpp">
      <Filter>Lab2</Filter>
    </ClCompile>
    <ClCompile Include="lab2%283%29.cpp">
      <Filter>Lab2</Filter>
    </ClCompile>
    <ClCompile Include="Lab3.cpp">
      <Filter>Lab3</Filter>
    </ClCompile>
    <ClCompile Include="lab3(2).cpp">
      <Filter>Lab3</Filter>
    </ClCompile>
    <ClCompile Include="lab3(1)2.cpp">
      <Filter>Lab3</Filter>
    </ClCompile>
    <ClCompile Include="lab3(3).cpp">
      <Filter>Lab3</Filter>
    </ClCompile>
    <ClCompile Include="lab4z1.cpp">
      <Filter>Lab4</Filter>
    </ClCompile>
    <ClCompile Include="lab4z2.cpp">
      <Filter>Lab4</Filter>
    </ClCompile>
    <ClCompile Include="lab4z3.cpp">
      <Filter>Lab4</Filter>
    </ClCompile>
    <ClCompile Include="lab5z1.cpp">
      <Filter>Lab5</Filter>
    </ClCompile>
    <ClCompile Include="lab5z2.cpp">
      <Filter>Lab5</Filter>
    </ClCompile>
    <ClCompile Include="lab5z3.cpp">
      <Filter>Lab5</Filter>
    </ClCompile>
    <ClCompile Include="lab6z1.cpp">
      <Filter>Lab6</Filter>
    </ClCompile>
    <ClCompile Include="lab6z2.cpp">
      <Filter>Lab6</Filter>
    </ClCompile>
    <ClCompile Include="lab6z3.cpp">
      <Filter>Lab6</Filter>
    </ClCompile>
    <ClCompile Include="lab7.cpp">
      <Filter>Lab7</Filter>
    </ClCompile>
    <ClCompile Include="lab7z3.cpp">
      <Filter>Lab7</Filter>
    </ClCompile>
    <ClCompile Include="lab7z1.cpp">
      <Filter>Lab7</Filter>
    </ClCompile>
    <ClCompile Include="lab7z2.cpp">
      <Filter>Lab7</Filter>
    </ClCompile>
    <ClCompile Include="lab8z1.cpp">
      <Filter>Lab8</Filter>
    </ClCompile>
    <ClCompile Include="lab8z2.cpp">
      <Filter>Lab8</Filter>
    </ClCompile>
    <ClCompile Include="lab8z3.cpp">
      <Filter>Lab8</Filter>
    </ClCompile>
    <ClCompile Include="lab8.cpp">
      <Filter>Lab8</Filter>
    </ClCompile>
    <ClCompile Include="lab9.cpp">
      <Filter>Lab9</Filter>
    </ClCompile>
    <ClCompile Include="lab9z1.cpp">
      <Filter>Lab9</Filter>
    </ClCompile>
    <ClCompile Include="lab9z2.cpp">
      <Filter>Lab9</Filter>
    </ClCompile>
    <ClCompile Include="lab10.cpp">
      <Filter>Lab10</Filter>
    </ClCompile>
  </ItemGroup>
  <ItemGroup>
    <ClInclude Include="Header.h">
      <Filter>Файлы заголовков</Filter>
    </ClInclude>
  </ItemGroup>
</Project>